
Microsoft Visual Studio Solution File, Format Version 12.00
# Visual Studio Version 17
VisualStudioVersion = 17.11.35125.118
MinimumVisualStudioVersion = 10.0.40219.1
Project("{9A19103F-16F7-4668-BE54-9A1E7A4F7556}") = "Domain", "Domain\Domain.csproj", "{58F42583-02AC-41E5-AD74-50BAA71CF813}"
EndProject
Project("{9A19103F-16F7-4668-BE54-9A1E7A4F7556}") = "Infrastructure", "Infrastructure\Infrastructure.csproj", "{4D36F0B7-03C8-4DAC-965B-74BBDD8D2F4F}"
EndProject
Project("{9A19103F-16F7-4668-BE54-9A1E7A4F7556}") = "HelpDeskUI", "HelpDeskUI\HelpDeskUI.csproj", "{3BA20B82-F554-419F-B342-FA462C45A19F}"
EndProject
Global
	GlobalSection(SolutionConfigurationPlatforms) = preSolution
		Debug|Any CPU = Debug|Any CPU
		Release|Any CPU = Release|Any CPU
	EndGlobalSection
	GlobalSection(ProjectConfigurationPlatforms) = postSolution
		{58F42583-02AC-41E5-AD74-50BAA71CF813}.Debug|Any CPU.ActiveCfg = Debug|Any CPU
		{58F42583-02AC-41E5-AD74-50BAA71CF813}.Debug|Any CPU.Build.0 = Debug|Any CPU
		{58F42583-02AC-41E5-AD74-50BAA71CF813}.Release|Any CPU.ActiveCfg = Release|Any CPU
		{58F42583-02AC-41E5-AD74-50BAA71CF813}.Release|Any CPU.Build.0 = Release|Any CPU
		{4D36F0B7-03C8-4DAC-965B-74BBDD8D2F4F}.Debug|Any CPU.ActiveCfg = Debug|Any CPU
		{4D36F0B7-03C8-4DAC-965B-74BBDD8D2F4F}.Debug|Any CPU.Build.0 = Debug|Any CPU
		{4D36F0B7-03C8-4DAC-965B-74BBDD8D2F4F}.Release|Any CPU.ActiveCfg = Release|Any CPU
		{4D36F0B7-03C8-4DAC-965B-74BBDD8D2F4F}.Release|Any CPU.Build.0 = Release|Any CPU
		{3BA20B82-F554-419F-B342-FA462C45A19F}.Debug|Any CPU.ActiveCfg = Debug|Any CPU
		{3BA20B82-F554-419F-B342-FA462C45A19F}.Debug|Any CPU.Build.0 = Debug|Any CPU
		{3BA20B82-F554-419F-B342-FA462C45A19F}.Release|Any CPU.ActiveCfg = Release|Any CPU
		{3BA20B82-F554-419F-B342-FA462C45A19F}.Release|Any CPU.Build.0 = Release|Any CPU
	EndGlobalSection
	GlobalSection(SolutionProperties) = preSolution
		HideSolutionNode = FALSE
	EndGlobalSection
	GlobalSection(ExtensibilityGlobals) = postSolution
		SolutionGuid = {1699DCE9-0316-4E8F-86AF-2C3F36437244}
	EndGlobalSection
EndGlobal
